
Microsoft Visual Studio Solution File, Format Version 12.00
# Visual Studio 2012
Project("{FAE04EC0-301F-11D3-BF4B-00C04F79EFBC}") = "SBPDemo", "SBPDemo\SBPDemo.csproj", "{02F22522-5FDF-4762-BE1A-769EF63303BE}"
	ProjectSection(ProjectDependencies) = postProject
		{4A4002AA-7A61-450A-ABA9-12BF3604F01D} = {4A4002AA-7A61-450A-ABA9-12BF3604F01D}
	EndProjectSection
EndProject
Project("{FAE04EC0-301F-11D3-BF4B-00C04F79EFBC}") = "DataAccessLayer", "DataAccessLayer\DataAccessLayer.csproj", "{4A4002AA-7A61-450A-ABA9-12BF3604F01D}"
EndProject
Global
	GlobalSection(SolutionConfigurationPlatforms) = preSolution
		Debug|Any CPU = Debug|Any CPU
		Release|Any CPU = Release|Any CPU
	EndGlobalSection
	GlobalSection(ProjectConfigurationPlatforms) = postSolution
		{02F22522-5FDF-4762-BE1A-769EF63303BE}.Debug|Any CPU.ActiveCfg = Debug|Any CPU
		{02F22522-5FDF-4762-BE1A-769EF63303BE}.Debug|Any CPU.Build.0 = Debug|Any CPU
		{02F22522-5FDF-4762-BE1A-769EF63303BE}.Release|Any CPU.ActiveCfg = Release|Any CPU
		{02F22522-5FDF-4762-BE1A-769EF63303BE}.Release|Any CPU.Build.0 = Release|Any CPU
		{4A4002AA-7A61-450A-ABA9-12BF3604F01D}.Debug|Any CPU.ActiveCfg = Debug|Any CPU
		{4A4002AA-7A61-450A-ABA9-12BF3604F01D}.Debug|Any CPU.Build.0 = Debug|Any CPU
		{4A4002AA-7A61-450A-ABA9-12BF3604F01D}.Release|Any CPU.ActiveCfg = Release|Any CPU
		{4A4002AA-7A61-450A-ABA9-12BF3604F01D}.Release|Any CPU.Build.0 = Release|Any CPU
	EndGlobalSection
	GlobalSection(SolutionProperties) = preSolution
		HideSolutionNode = FALSE
	EndGlobalSection
EndGlobal
